
Microsoft Visual Studio Solution File, Format Version 12.00
# Visual Studio Version 16
VisualStudioVersion = 16.0.30413.136
MinimumVisualStudioVersion = 10.0.40219.1
Project("{FAE04EC0-301F-11D3-BF4B-00C04F79EFBC}") = "RSA", "RSA\RSA.csproj", "{3FCC6873-0AF1-49EA-8DF3-FFA1ED9CD709}"
EndProject
Global
	GlobalSection(SolutionConfigurationPlatforms) = preSolution
		Debug|Any CPU = Debug|Any CPU
		Release|Any CPU = Release|Any CPU
	EndGlobalSection
	GlobalSection(ProjectConfigurationPlatforms) = postSolution
		{3FCC6873-0AF1-49EA-8DF3-FFA1ED9CD709}.Debug|Any CPU.ActiveCfg = Debug|Any CPU
		{3FCC6873-0AF1-49EA-8DF3-FFA1ED9CD709}.Debug|Any CPU.Build.0 = Debug|Any CPU
		{3FCC6873-0AF1-49EA-8DF3-FFA1ED9CD709}.Release|Any CPU.ActiveCfg = Release|Any CPU
		{3FCC6873-0AF1-49EA-8DF3-FFA1ED9CD709}.Release|Any CPU.Build.0 = Release|Any CPU
	EndGlobalSection
	GlobalSection(SolutionProperties) = preSolution
		HideSolutionNode = FALSE
	EndGlobalSection
	GlobalSection(ExtensibilityGlobals) = postSolution
		SolutionGuid = {AB2E33E4-1658-46EB-92A3-C8F3C7222955}
	EndGlobalSection
EndGlobal
